github.com/hugo-toha/hugo-toha.github.io v0.0.0-20241018183051-dd13c36f46b4 h1:Yc5SJ5NJx1xu3YO2gQZPeADXqhGdJgUGWiDxgEDuUrQ=
github.com/hugo-toha/hugo-toha.github.io v0.0.0-20241018183051-dd13c36f46b4/go.mod h1:3N7k1DSQGy5Zn5IVp5nQ3QJ/VWh5dSxXO6stUS7txrg=
github.com/hugo-toha/hugo-toha.github.io v0.0.0-20250207084948-5c5c356cfbf4 h1:lVx90v/2//boB5gyRdh8LDeIcz3e08ftO8odTcyXRK8=
github.com/hugo-toha/hugo-toha.github.io v0.0.0-20250207084948-5c5c356cfbf4/go.mod h1:MXlnHVmHxqsgqVAINrPrKk04Tj6AE1f5oMicygyfRD0=
